
Microsoft Visual Studio Solution File, Format Version 12.00
# Visual Studio 14
VisualStudioVersion = 14.0.23107.0
MinimumVisualStudioVersion = 10.0.40219.1
Project("{FAE04EC0-301F-11D3-BF4B-00C04F79EFBC}") = "VectorLib", "VectorLib\VectorLib.csproj", "{DA3B2E8A-2006-4CD7-A9E1-F0C53484B600}"
EndProject
Project("{FAE04EC0-301F-11D3-BF4B-00C04F79EFBC}") = "VectorTestApplication", "VectorTestApplication\VectorTestApplication.csproj", "{7F9A7B51-CB12-44CB-BA91-A88BC11959E8}"
EndProject
Global
	GlobalSection(SolutionConfigurationPlatforms) = preSolution
		Debug|Any CPU = Debug|Any CPU
		Release|Any CPU = Release|Any CPU
	EndGlobalSection
	GlobalSection(ProjectConfigurationPlatforms) = postSolution
		{DA3B2E8A-2006-4CD7-A9E1-F0C53484B600}.Debug|Any CPU.ActiveCfg = Debug|Any CPU
		{DA3B2E8A-2006-4CD7-A9E1-F0C53484B600}.Debug|Any CPU.Build.0 = Debug|Any CPU
		{DA3B2E8A-2006-4CD7-A9E1-F0C53484B600}.Release|Any CPU.ActiveCfg = Release|Any CPU
		{DA3B2E8A-2006-4CD7-A9E1-F0C53484B600}.Release|Any CPU.Build.0 = Release|Any CPU
		{7F9A7B51-CB12-44CB-BA91-A88BC11959E8}.Debug|Any CPU.ActiveCfg = Debug|Any CPU
		{7F9A7B51-CB12-44CB-BA91-A88BC11959E8}.Debug|Any CPU.Build.0 = Debug|Any CPU
		{7F9A7B51-CB12-44CB-BA91-A88BC11959E8}.Release|Any CPU.ActiveCfg = Release|Any CPU
		{7F9A7B51-CB12-44CB-BA91-A88BC11959E8}.Release|Any CPU.Build.0 = Release|Any CPU
	EndGlobalSection
	GlobalSection(SolutionProperties) = preSolution
		HideSolutionNode = FALSE
	EndGlobalSection
EndGlobal
